Microsoft Visual Studio Solution File, Format Version 12.00
# Visual Studio Version 17
VisualStudioVersion = 17.5.2.0
MinimumVisualStudioVersion = 10.0.40219.1
Project("{FAE04EC0-301F-11D3-BF4B-00C04F79EFBC}") = "CantinaAPI", "CantinaAPI.csproj", "{8BD858B4-9579-BA70-3CC8-A3B790840295}"
EndProject
Global
	GlobalSection(SolutionConfigurationPlatforms) = preSolution
		Debug|Any CPU = Debug|Any CPU
		Release|Any CPU = Release|Any CPU
	EndGlobalSection
	GlobalSection(ProjectConfigurationPlatforms) = postSolution
		{8BD858B4-9579-BA70-3CC8-A3B790840295}.Debug|Any CPU.ActiveCfg = Debug|Any CPU
		{8BD858B4-9579-BA70-3CC8-A3B790840295}.Debug|Any CPU.Build.0 = Debug|Any CPU
		{8BD858B4-9579-BA70-3CC8-A3B790840295}.Release|Any CPU.ActiveCfg = Release|Any CPU
		{8BD858B4-9579-BA70-3CC8-A3B790840295}.Release|Any CPU.Build.0 = Release|Any CPU
	EndGlobalSection
	GlobalSection(SolutionProperties) = preSolution
		HideSolutionNode = FALSE
	EndGlobalSection
	GlobalSection(ExtensibilityGlobals) = postSolution
		SolutionGuid = {86FCDACA-2F8D-4449-94E1-7AC519DC3AB5}
	EndGlobalSection
EndGlobal
